
Microsoft Visual Studio Solution File, Format Version 12.00
Project("{FAE04EC0-301F-11D3-BF4B-00C04F79EFBC}") = "ClassLibrary1", "ClassLibrary1\ClassLibrary1.csproj", "{CB6306C1-6E90-44F2-A2C5-752A4A91404D}"
EndProject
Global
	GlobalSection(SolutionConfigurationPlatforms) = preSolution
		Debug|Any CPU = Debug|Any CPU
		Release|Any CPU = Release|Any CPU
	EndGlobalSection
	GlobalSection(ProjectConfigurationPlatforms) = postSolution
		{CB6306C1-6E90-44F2-A2C5-752A4A91404D}.Debug|Any CPU.ActiveCfg = Debug|Any CPU
		{CB6306C1-6E90-44F2-A2C5-752A4A91404D}.Debug|Any CPU.Build.0 = Debug|Any CPU
		{CB6306C1-6E90-44F2-A2C5-752A4A91404D}.Release|Any CPU.ActiveCfg = Release|Any CPU
		{CB6306C1-6E90-44F2-A2C5-752A4A91404D}.Release|Any CPU.Build.0 = Release|Any CPU
	EndGlobalSection
EndGlobal
